
Microsoft Visual Studio Solution File, Format Version 12.00
# Visual Studio Version 17
VisualStudioVersion = 17.6.33829.357
MinimumVisualStudioVersion = 10.0.40219.1
Project("{FAE04EC0-301F-11D3-BF4B-00C04F79EFBC}") = "AntDemoBlazorApp.Server", "Server\AntDemoBlazorApp.Server.csproj", "{BDEBB9E1-BC41-41F9-8E97-FAF4A09A9638}"
EndProject
Project("{FAE04EC0-301F-11D3-BF4B-00C04F79EFBC}") = "AntDemoBlazorApp.Client", "Client\AntDemoBlazorApp.Client.csproj", "{B90255AC-4D64-4523-BCDC-D65C3BFFFA42}"
EndProject
Project("{FAE04EC0-301F-11D3-BF4B-00C04F79EFBC}") = "AntDemoBlazorApp.Shared", "Shared\AntDemoBlazorApp.Shared.csproj", "{63EE2948-CADB-4319-A003-0DABF04A621E}"
EndProject
Global
	GlobalSection(SolutionConfigurationPlatforms) = preSolution
		Debug|Any CPU = Debug|Any CPU
		Release|Any CPU = Release|Any CPU
	EndGlobalSection
	GlobalSection(ProjectConfigurationPlatforms) = postSolution
		{BDEBB9E1-BC41-41F9-8E97-FAF4A09A9638}.Debug|Any CPU.ActiveCfg = Debug|Any CPU
		{BDEBB9E1-BC41-41F9-8E97-FAF4A09A9638}.Debug|Any CPU.Build.0 = Debug|Any CPU
		{BDEBB9E1-BC41-41F9-8E97-FAF4A09A9638}.Release|Any CPU.ActiveCfg = Release|Any CPU
		{BDEBB9E1-BC41-41F9-8E97-FAF4A09A9638}.Release|Any CPU.Build.0 = Release|Any CPU
		{B90255AC-4D64-4523-BCDC-D65C3BFFFA42}.Debug|Any CPU.ActiveCfg = Debug|Any CPU
		{B90255AC-4D64-4523-BCDC-D65C3BFFFA42}.Debug|Any CPU.Build.0 = Debug|Any CPU
		{B90255AC-4D64-4523-BCDC-D65C3BFFFA42}.Release|Any CPU.ActiveCfg = Release|Any CPU
		{B90255AC-4D64-4523-BCDC-D65C3BFFFA42}.Release|Any CPU.Build.0 = Release|Any CPU
		{63EE2948-CADB-4319-A003-0DABF04A621E}.Debug|Any CPU.ActiveCfg = Debug|Any CPU
		{63EE2948-CADB-4319-A003-0DABF04A621E}.Debug|Any CPU.Build.0 = Debug|Any CPU
		{63EE2948-CADB-4319-A003-0DABF04A621E}.Release|Any CPU.ActiveCfg = Release|Any CPU
		{63EE2948-CADB-4319-A003-0DABF04A621E}.Release|Any CPU.Build.0 = Release|Any CPU
	EndGlobalSection
	GlobalSection(SolutionProperties) = preSolution
		HideSolutionNode = FALSE
	EndGlobalSection
	GlobalSection(ExtensibilityGlobals) = postSolution
		SolutionGuid = {79329CCD-AA74-4289-A1CA-CA49B688C643}
	EndGlobalSection
EndGlobal
